
Microsoft Visual Studio Solution File, Format Version 12.00
# Visual Studio 15
VisualStudioVersion = 15.0.28307.329
MinimumVisualStudioVersion = 10.0.40219.1
Project("{FAE04EC0-301F-11D3-BF4B-00C04F79EFBC}") = "App1.Android", "App1\App1.Android\App1.Android.csproj", "{6557ABD2-17A3-473B-8765-B33684A9DE0F}"
EndProject
Project("{FAE04EC0-301F-11D3-BF4B-00C04F79EFBC}") = "App1.iOS", "App1\App1.iOS\App1.iOS.csproj", "{24FA4A13-9AE1-485F-A4F0-4B0DCDD79176}"
EndProject
Project("{FAE04EC0-301F-11D3-BF4B-00C04F79EFBC}") = "App1.UWP", "App1\App1.UWP\App1.UWP.csproj", "{E84F446E-CC8F-4119-BB54-DF98A2F6D344}"
EndProject
Project("{FAE04EC0-301F-11D3-BF4B-00C04F79EFBC}") = "App1", "App1\App1\App1.csproj", "{16E5BEB6-5554-4C5A-B10D-4FE2A7B66E00}"
EndProject
Global
	GlobalSection(SolutionConfigurationPlatforms) = preSolution
		Ad-Hoc|Any CPU = Ad-Hoc|Any CPU
		Ad-Hoc|ARM = Ad-Hoc|ARM
		Ad-Hoc|iPhone = Ad-Hoc|iPhone
		Ad-Hoc|iPhoneSimulator = Ad-Hoc|iPhoneSimulator
		Ad-Hoc|x64 = Ad-Hoc|x64
		Ad-Hoc|x86 = Ad-Hoc|x86
		AppStore|Any CPU = AppStore|Any CPU
		AppStore|ARM = AppStore|ARM
		AppStore|iPhone = AppStore|iPhone
		AppStore|iPhoneSimulator = AppStore|iPhoneSimulator
		AppStore|x64 = AppStore|x64
		AppStore|x86 = AppStore|x86
		Debug|Any CPU = Debug|Any CPU
		Debug|ARM = Debug|ARM
		Debug|iPhone = Debug|iPhone
		Debug|iPhoneSimulator = Debug|iPhoneSimulator
		Debug|x64 = Debug|x64
		Debug|x86 = Debug|x86
		Release|Any CPU = Release|Any CPU
		Release|ARM = Release|ARM
		Release|iPhone = Release|iPhone
		Release|iPhoneSimulator = Release|iPhoneSimulator
		Release|x64 = Release|x64
		Release|x86 = Release|x86
	EndGlobalSection
	GlobalSection(ProjectConfigurationPlatforms) = postSolution
		{6557ABD2-17A3-473B-8765-B33684A9DE0F}.Ad-Hoc|Any CPU.ActiveCfg = Release|Any CPU
		{6557ABD2-17A3-473B-8765-B33684A9DE0F}.Ad-Hoc|Any CPU.Build.0 = Release|Any CPU
		{6557ABD2-17A3-473B-8765-B33684A9DE0F}.Ad-Hoc|Any CPU.Deploy.0 = Release|Any CPU
		{6557ABD2-17A3-473B-8765-B33684A9DE0F}.Ad-Hoc|ARM.ActiveCfg = Release|Any CPU
		{6557ABD2-17A3-473B-8765-B33684A9DE0F}.Ad-Hoc|ARM.Build.0 = Release|Any CPU
		{6557ABD2-17A3-473B-8765-B33684A9DE0F}.Ad-Hoc|ARM.Deploy.0 = Release|Any CPU
		{6557ABD2-17A3-473B-8765-B33684A9DE0F}.Ad-Hoc|iPhone.ActiveCfg = Release|Any CPU
		{6557ABD2-17A3-473B-8765-B33684A9DE0F}.Ad-Hoc|iPhone.Build.0 = Release|Any CPU
		{6557ABD2-17A3-473B-8765-B33684A9DE0F}.Ad-Hoc|iPhone.Deploy.0 = Release|Any CPU
		{6557ABD2-17A3-473B-8765-B33684A9DE0F}.Ad-Hoc|iPhoneSimulator.ActiveCfg = Release|Any CPU
		{6557ABD2-17A3-473B-8765-B33684A9DE0F}.Ad-Hoc|iPhoneSimulator.Build.0 = Release|Any CPU
		{6557ABD2-17A3-473B-8765-B33684A9DE0F}.Ad-Hoc|iPhoneSimulator.Deploy.0 = Release|Any CPU
		{6557ABD2-17A3-473B-8765-B33684A9DE0F}.Ad-Hoc|x64.ActiveCfg = Release|Any CPU
		{6557ABD2-17A3-473B-8765-B33684A9DE0F}.Ad-Hoc|x64.Build.0 = Release|Any CPU
		{6557ABD2-17A3-473B-8765-B33684A9DE0F}.Ad-Hoc|x64.Deploy.0 = Release|Any CPU
		{6557ABD2-17A3-473B-8765-B33684A9DE0F}.Ad-Hoc|x86.ActiveCfg = Release|Any CPU
		{6557ABD2-17A3-473B-8765-B33684A9DE0F}.Ad-Hoc|x86.Build.0 = Release|Any CPU
		{6557ABD2-17A3-473B-8765-B33684A9DE0F}.Ad-Hoc|x86.Deploy.0 = Release|Any CPU
		{6557ABD2-17A3-473B-8765-B33684A9DE0F}.AppStore|Any CPU.ActiveCfg = Release|Any CPU
		{6557ABD2-17A3-473B-8765-B33684A9DE0F}.AppStore|Any CPU.Build.0 = Release|Any CPU
		{6557ABD2-17A3-473B-8765-B33684A9DE0F}.AppStore|Any CPU.Deploy.0 = Release|Any CPU
		{6557ABD2-17A3-473B-8765-B33684A9DE0F}.AppStore|ARM.ActiveCfg = Release|Any CPU
		{6557ABD2-17A3-473B-8765-B33684A9DE0F}.AppStore|ARM.Build.0 = Release|Any CPU
		{6557ABD2-17A3-473B-8765-B33684A9DE0F}.AppStore|ARM.Deploy.0 = Release|Any CPU
		{6557ABD2-17A3-473B-8765-B33684A9DE0F}.AppStore|iPhone.ActiveCfg = Release|Any CPU
		{6557ABD2-17A3-473B-8765-B33684A9DE0F}.AppStore|iPhone.Build.0 = Release|Any CPU
		{6557ABD2-17A3-473B-8765-B33684A9DE0F}.AppStore|iPhone.Deploy.0 = Release|Any CPU
		{6557ABD2-17A3-473B-8765-B33684A9DE0F}.AppStore|iPhoneSimulator.ActiveCfg = Release|Any CPU
		{6557ABD2-17A3-473B-8765-B33684A9DE0F}.AppStore|iPhoneSimulator.Build.0 = Release|Any CPU
		{6557ABD2-17A3-473B-8765-B33684A9DE0F}.AppStore|iPhoneSimulator.Deploy.0 = Release|Any CPU
		{6557ABD2-17A3-473B-8765-B33684A9DE0F}.AppStore|x64.ActiveCfg = Release|Any CPU
		{6557ABD2-17A3-473B-8765-B33684A9DE0F}.AppStore|x64.Build.0 = Release|Any CPU
		{6557ABD2-17A3-473B-8765-B33684A9DE0F}.AppStore|x64.Deploy.0 = Release|Any CPU
		{6557ABD2-17A3-473B-8765-B33684A9DE0F}.AppStore|x86.ActiveCfg = Release|Any CPU
		{6557ABD2-17A3-473B-8765-B33684A9DE0F}.AppStore|x86.Build.0 = Release|Any CPU
		{6557ABD2-17A3-473B-8765-B33684A9DE0F}.AppStore|x86.Deploy.0 = Release|Any CPU
		{6557ABD2-17A3-473B-8765-B33684A9DE0F}.Debug|Any CPU.ActiveCfg = Debug|Any CPU
		{6557ABD2-17A3-473B-8765-B33684A9DE0F}.Debug|Any CPU.Build.0 = Debug|Any CPU
		{6557ABD2-17A3-473B-8765-B33684A9DE0F}.Debug|Any CPU.Deploy.0 = Debug|Any CPU
		{6557ABD2-17A3-473B-8765-B33684A9DE0F}.Debug|ARM.ActiveCfg = Debug|Any CPU
		{6557ABD2-17A3-473B-8765-B33684A9DE0F}.Debug|ARM.Build.0 = Debug|Any CPU
		{6557ABD2-17A3-473B-8765-B33684A9DE0F}.Debug|ARM.Deploy.0 = Debug|Any CPU
		{6557ABD2-17A3-473B-8765-B33684A9DE0F}.Debug|iPhone.ActiveCfg = Debug|Any CPU
		{6557ABD2-17A3-473B-8765-B33684A9DE0F}.Debug|iPhone.Build.0 = Debug|Any CPU
		{6557ABD2-17A3-473B-8765-B33684A9DE0F}.Debug|iPhone.Deploy.0 = Debug|Any CPU
		{6557ABD2-17A3-473B-8765-B33684A9DE0F}.Debug|iPhoneSimulator.ActiveCfg = Debug|Any CPU
		{6557ABD2-17A3-473B-8765-B33684A9DE0F}.Debug|iPhoneSimulator.Build.0 = Debug|Any CPU
		{6557ABD2-17A3-473B-8765-B33684A9DE0F}.Debug|iPhoneSimulator.Deploy.0 = Debug|Any CPU
		{6557ABD2-17A3-473B-8765-B33684A9DE0F}.Debug|x64.ActiveCfg = Debug|Any CPU
		{6557ABD2-17A3-473B-8765-B33684A9DE0F}.Debug|x64.Build.0 = Debug|Any CPU
		{6557ABD2-17A3-473B-8765-B33684A9DE0F}.Debug|x64.Deploy.0 = Debug|Any CPU
		{6557ABD2-17A3-473B-8765-B33684A9DE0F}.Debug|x86.ActiveCfg = Debug|Any CPU
		{6557ABD2-17A3-473B-8765-B33684A9DE0F}.Debug|x86.Build.0 = Debug|Any CPU
		{6557ABD2-17A3-473B-8765-B33684A9DE0F}.Debug|x86.Deploy.0 = Debug|Any CPU
		{6557ABD2-17A3-473B-8765-B33684A9DE0F}.Release|Any CPU.ActiveCfg = Release|Any CPU
		{6557ABD2-17A3-473B-8765-B33684A9DE0F}.Release|Any CPU.Build.0 = Release|Any CPU
		{6557ABD2-17A3-473B-8765-B33684A9DE0F}.Release|Any CPU.Deploy.0 = Release|Any CPU
		{6557ABD2-17A3-473B-8765-B33684A9DE0F}.Release|ARM.ActiveCfg = Release|Any CPU
		{6557ABD2-17A3-473B-8765-B33684A9DE0F}.Release|ARM.Build.0 = Release|Any CPU
		{6557ABD2-17A3-473B-8765-B33684A9DE0F}.Release|ARM.Deploy.0 = Release|Any CPU
		{6557ABD2-17A3-473B-8765-B33684A9DE0F}.Release|iPhone.ActiveCfg = Release|Any CPU
		{6557ABD2-17A3-473B-8765-B33684A9DE0F}.Release|iPhone.Build.0 = Release|Any CPU
		{6557ABD2-17A3-473B-8765-B33684A9DE0F}.Release|iPhone.Deploy.0 = Release|Any CPU
		{6557ABD2-17A3-473B-8765-B33684A9DE0F}.Release|iPhoneSimulator.ActiveCfg = Release|Any CPU
		{6557ABD2-17A3-473B-8765-B33684A9DE0F}.Release|iPhoneSimulator.Build.0 = Release|Any CPU
		{6557ABD2-17A3-473B-8765-B33684A9DE0F}.Release|iPhoneSimulator.Deploy.0 = Release|Any CPU
		{6557ABD2-17A3-473B-8765-B33684A9DE0F}.Release|x64.ActiveCfg = Release|Any CPU
		{6557ABD2-17A3-473B-8765-B33684A9DE0F}.Release|x64.Build.0 = Release|Any CPU
		{6557ABD2-17A3-473B-8765-B33684A9DE0F}.Release|x64.Deploy.0 = Release|Any CPU
		{6557ABD2-17A3-473B-8765-B33684A9DE0F}.Release|x86.ActiveCfg = Release|Any CPU
		{6557ABD2-17A3-473B-8765-B33684A9DE0F}.Release|x86.Build.0 = Release|Any CPU
		{6557ABD2-17A3-473B-8765-B33684A9DE0F}.Release|x86.Deploy.0 = Release|Any CPU
		{24FA4A13-9AE1-485F-A4F0-4B0DCDD79176}.Ad-Hoc|Any CPU.ActiveCfg = Ad-Hoc|iPhone
		{24FA4A13-9AE1-485F-A4F0-4B0DCDD79176}.Ad-Hoc|Any CPU.Build.0 = Ad-Hoc|iPhone
		{24FA4A13-9AE1-485F-A4F0-4B0DCDD79176}.Ad-Hoc|Any CPU.Deploy.0 = Ad-Hoc|iPhone
		{24FA4A13-9AE1-485F-A4F0-4B0DCDD79176}.Ad-Hoc|ARM.ActiveCfg = Ad-Hoc|iPhone
		{24FA4A13-9AE1-485F-A4F0-4B0DCDD79176}.Ad-Hoc|ARM.Build.0 = Ad-Hoc|iPhone
		{24FA4A13-9AE1-485F-A4F0-4B0DCDD79176}.Ad-Hoc|ARM.Deploy.0 = Ad-Hoc|iPhone
		{24FA4A13-9AE1-485F-A4F0-4B0DCDD79176}.Ad-Hoc|iPhone.ActiveCfg = Ad-Hoc|iPhone
		{24FA4A13-9AE1-485F-A4F0-4B0DCDD79176}.Ad-Hoc|iPhone.Build.0 = Ad-Hoc|iPhone
		{24FA4A13-9AE1-485F-A4F0-4B0DCDD79176}.Ad-Hoc|iPhone.Deploy.0 = Ad-Hoc|iPhone
		{24FA4A13-9AE1-485F-A4F0-4B0DCDD79176}.Ad-Hoc|iPhoneSimulator.ActiveCfg = Ad-Hoc|iPhoneSimulator
		{24FA4A13-9AE1-485F-A4F0-4B0DCDD79176}.Ad-Hoc|iPhoneSimulator.Build.0 = Ad-Hoc|iPhoneSimulator
		{24FA4A13-9AE1-485F-A4F0-4B0DCDD79176}.Ad-Hoc|iPhoneSimulator.Deploy.0 = Ad-Hoc|iPhoneSimulator
		{24FA4A13-9AE1-485F-A4F0-4B0DCDD79176}.Ad-Hoc|x64.ActiveCfg = Ad-Hoc|iPhone
		{24FA4A13-9AE1-485F-A4F0-4B0DCDD79176}.Ad-Hoc|x64.Build.0 = Ad-Hoc|iPhone
		{24FA4A13-9AE1-485F-A4F0-4B0DCDD79176}.Ad-Hoc|x64.Deploy.0 = Ad-Hoc|iPhone
		{24FA4A13-9AE1-485F-A4F0-4B0DCDD79176}.Ad-Hoc|x86.ActiveCfg = Ad-Hoc|iPhone
		{24FA4A13-9AE1-485F-A4F0-4B0DCDD79176}.Ad-Hoc|x86.Build.0 = Ad-Hoc|iPhone
		{24FA4A13-9AE1-485F-A4F0-4B0DCDD79176}.Ad-Hoc|x86.Deploy.0 = Ad-Hoc|iPhone
		{24FA4A13-9AE1-485F-A4F0-4B0DCDD79176}.AppStore|Any CPU.ActiveCfg = AppStore|iPhone
		{24FA4A13-9AE1-485F-A4F0-4B0DCDD79176}.AppStore|Any CPU.Build.0 = AppStore|iPhone
		{24FA4A13-9AE1-485F-A4F0-4B0DCDD79176}.AppStore|Any CPU.Deploy.0 = AppStore|iPhone
		{24FA4A13-9AE1-485F-A4F0-4B0DCDD79176}.AppStore|ARM.ActiveCfg = AppStore|iPhone
		{24FA4A13-9AE1-485F-A4F0-4B0DCDD79176}.AppStore|ARM.Build.0 = AppStore|iPhone
		{24FA4A13-9AE1-485F-A4F0-4B0DCDD79176}.AppStore|ARM.Deploy.0 = AppStore|iPhone
		{24FA4A13-9AE1-485F-A4F0-4B0DCDD79176}.AppStore|iPhone.ActiveCfg = AppStore|iPhone
		{24FA4A13-9AE1-485F-A4F0-4B0DCDD79176}.AppStore|iPhone.Build.0 = AppStore|iPhone
		{24FA4A13-9AE1-485F-A4F0-4B0DCDD79176}.AppStore|iPhone.Deploy.0 = AppStore|iPhone
		{24FA4A13-9AE1-485F-A4F0-4B0DCDD79176}.AppStore|iPhoneSimulator.ActiveCfg = AppStore|iPhoneSimulator
		{24FA4A13-9AE1-485F-A4F0-4B0DCDD79176}.AppStore|iPhoneSimulator.Build.0 = AppStore|iPhoneSimulator
		{24FA4A13-9AE1-485F-A4F0-4B0DCDD79176}.AppStore|iPhoneSimulator.Deploy.0 = AppStore|iPhoneSimulator
		{24FA4A13-9AE1-485F-A4F0-4B0DCDD79176}.AppStore|x64.ActiveCfg = AppStore|iPhone
		{24FA4A13-9AE1-485F-A4F0-4B0DCDD79176}.AppStore|x64.Build.0 = AppStore|iPhone
		{24FA4A13-9AE1-485F-A4F0-4B0DCDD79176}.AppStore|x64.Deploy.0 = AppStore|iPhone
		{24FA4A13-9AE1-485F-A4F0-4B0DCDD79176}.AppStore|x86.ActiveCfg = AppStore|iPhone
		{24FA4A13-9AE1-485F-A4F0-4B0DCDD79176}.AppStore|x86.Build.0 = AppStore|iPhone
		{24FA4A13-9AE1-485F-A4F0-4B0DCDD79176}.AppStore|x86.Deploy.0 = AppStore|iPhone
		{24FA4A13-9AE1-485F-A4F0-4B0DCDD79176}.Debug|Any CPU.ActiveCfg = Debug|iPhoneSimulator
		{24FA4A13-9AE1-485F-A4F0-4B0DCDD79176}.Debug|Any CPU.Build.0 = Debug|iPhoneSimulator
		{24FA4A13-9AE1-485F-A4F0-4B0DCDD79176}.Debug|Any CPU.Deploy.0 = Debug|iPhoneSimulator
		{24FA4A13-9AE1-485F-A4F0-4B0DCDD79176}.Debug|ARM.ActiveCfg = Debug|iPhone
		{24FA4A13-9AE1-485F-A4F0-4B0DCDD79176}.Debug|ARM.Build.0 = Debug|iPhone
		{24FA4A13-9AE1-485F-A4F0-4B0DCDD79176}.Debug|ARM.Deploy.0 = Debug|iPhone
		{24FA4A13-9AE1-485F-A4F0-4B0DCDD79176}.Debug|iPhone.ActiveCfg = Debug|iPhone
		{24FA4A13-9AE1-485F-A4F0-4B0DCDD79176}.Debug|iPhone.Build.0 = Debug|iPhone
		{24FA4A13-9AE1-485F-A4F0-4B0DCDD79176}.Debug|iPhone.Deploy.0 = Debug|iPhone
		{24FA4A13-9AE1-485F-A4F0-4B0DCDD79176}.Debug|iPhoneSimulator.ActiveCfg = Debug|iPhoneSimulator
		{24FA4A13-9AE1-485F-A4F0-4B0DCDD79176}.Debug|iPhoneSimulator.Build.0 = Debug|iPhoneSimulator
		{24FA4A13-9AE1-485F-A4F0-4B0DCDD79176}.Debug|iPhoneSimulator.Deploy.0 = Debug|iPhoneSimulator
		{24FA4A13-9AE1-485F-A4F0-4B0DCDD79176}.Debug|x64.ActiveCfg = Debug|iPhone
		{24FA4A13-9AE1-485F-A4F0-4B0DCDD79176}.Debug|x64.Build.0 = Debug|iPhone
		{24FA4A13-9AE1-485F-A4F0-4B0DCDD79176}.Debug|x64.Deploy.0 = Debug|iPhone
		{24FA4A13-9AE1-485F-A4F0-4B0DCDD79176}.Debug|x86.ActiveCfg = Debug|iPhone
		{24FA4A13-9AE1-485F-A4F0-4B0DCDD79176}.Debug|x86.Build.0 = Debug|iPhone
		{24FA4A13-9AE1-485F-A4F0-4B0DCDD79176}.Debug|x86.Deploy.0 = Debug|iPhone
		{24FA4A13-9AE1-485F-A4F0-4B0DCDD79176}.Release|Any CPU.ActiveCfg = Release|iPhone
		{24FA4A13-9AE1-485F-A4F0-4B0DCDD79176}.Release|Any CPU.Build.0 = Release|iPhone
		{24FA4A13-9AE1-485F-A4F0-4B0DCDD79176}.Release|Any CPU.Deploy.0 = Release|iPhone
		{24FA4A13-9AE1-485F-A4F0-4B0DCDD79176}.Release|ARM.ActiveCfg = Release|iPhone
		{24FA4A13-9AE1-485F-A4F0-4B0DCDD79176}.Release|ARM.Build.0 = Release|iPhone
		{24FA4A13-9AE1-485F-A4F0-4B0DCDD79176}.Release|ARM.Deploy.0 = Release|iPhone
		{24FA4A13-9AE1-485F-A4F0-4B0DCDD79176}.Release|iPhone.ActiveCfg = Release|iPhone
		{24FA4A13-9AE1-485F-A4F0-4B0DCDD79176}.Release|iPhone.Build.0 = Release|iPhone
		{24FA4A13-9AE1-485F-A4F0-4B0DCDD79176}.Release|iPhone.Deploy.0 = Release|iPhone
		{24FA4A13-9AE1-485F-A4F0-4B0DCDD79176}.Release|iPhoneSimulator.ActiveCfg = Release|iPhoneSimulator
		{24FA4A13-9AE1-485F-A4F0-4B0DCDD79176}.Release|iPhoneSimulator.Build.0 = Release|iPhoneSimulator
		{24FA4A13-9AE1-485F-A4F0-4B0DCDD79176}.Release|iPhoneSimulator.Deploy.0 = Release|iPhoneSimulator
		{24FA4A13-9AE1-485F-A4F0-4B0DCDD79176}.Release|x64.ActiveCfg = Release|iPhone
		{24FA4A13-9AE1-485F-A4F0-4B0DCDD79176}.Release|x64.Build.0 = Release|iPhone
		{24FA4A13-9AE1-485F-A4F0-4B0DCDD79176}.Release|x64.Deploy.0 = Release|iPhone
		{24FA4A13-9AE1-485F-A4F0-4B0DCDD79176}.Release|x86.ActiveCfg = Release|iPhone
		{24FA4A13-9AE1-485F-A4F0-4B0DCDD79176}.Release|x86.Build.0 = Release|iPhone
		{24FA4A13-9AE1-485F-A4F0-4B0DCDD79176}.Release|x86.Deploy.0 = Release|iPhone
		{E84F446E-CC8F-4119-BB54-DF98A2F6D344}.Ad-Hoc|Any CPU.ActiveCfg = Release|x86
		{E84F446E-CC8F-4119-BB54-DF98A2F6D344}.Ad-Hoc|Any CPU.Build.0 = Release|x86
		{E84F446E-CC8F-4119-BB54-DF98A2F6D344}.Ad-Hoc|Any CPU.Deploy.0 = Release|x86
		{E84F446E-CC8F-4119-BB54-DF98A2F6D344}.Ad-Hoc|ARM.ActiveCfg = Release|ARM
		{E84F446E-CC8F-4119-BB54-DF98A2F6D344}.Ad-Hoc|ARM.Build.0 = Release|ARM
		{E84F446E-CC8F-4119-BB54-DF98A2F6D344}.Ad-Hoc|ARM.Deploy.0 = Release|ARM
		{E84F446E-CC8F-4119-BB54-DF98A2F6D344}.Ad-Hoc|iPhone.ActiveCfg = Release|x86
		{E84F446E-CC8F-4119-BB54-DF98A2F6D344}.Ad-Hoc|iPhone.Build.0 = Release|x86
		{E84F446E-CC8F-4119-BB54-DF98A2F6D344}.Ad-Hoc|iPhone.Deploy.0 = Release|x86
		{E84F446E-CC8F-4119-BB54-DF98A2F6D344}.Ad-Hoc|iPhoneSimulator.ActiveCfg = Release|x86
		{E84F446E-CC8F-4119-BB54-DF98A2F6D344}.Ad-Hoc|iPhoneSimulator.Build.0 = Release|x86
		{E84F446E-CC8F-4119-BB54-DF98A2F6D344}.Ad-Hoc|iPhoneSimulator.Deploy.0 = Release|x86
		{E84F446E-CC8F-4119-BB54-DF98A2F6D344}.Ad-Hoc|x64.ActiveCfg = Release|x64
		{E84F446E-CC8F-4119-BB54-DF98A2F6D344}.Ad-Hoc|x64.Build.0 = Release|x64
		{E84F446E-CC8F-4119-BB54-DF98A2F6D344}.Ad-Hoc|x64.Deploy.0 = Release|x64
		{E84F446E-CC8F-4119-BB54-DF98A2F6D344}.Ad-Hoc|x86.ActiveCfg = Release|x86
		{E84F446E-CC8F-4119-BB54-DF98A2F6D344}.Ad-Hoc|x86.Build.0 = Release|x86
		{E84F446E-CC8F-4119-BB54-DF98A2F6D344}.Ad-Hoc|x86.Deploy.0 = Release|x86
		{E84F446E-CC8F-4119-BB54-DF98A2F6D344}.AppStore|Any CPU.ActiveCfg = Release|x86
		{E84F446E-CC8F-4119-BB54-DF98A2F6D344}.AppStore|Any CPU.Build.0 = Release|x86
		{E84F446E-CC8F-4119-BB54-DF98A2F6D344}.AppStore|Any CPU.Deploy.0 = Release|x86
		{E84F446E-CC8F-4119-BB54-DF98A2F6D344}.AppStore|ARM.ActiveCfg = Release|ARM
		{E84F446E-CC8F-4119-BB54-DF98A2F6D344}.AppStore|ARM.Build.0 = Release|ARM
		{E84F446E-CC8F-4119-BB54-DF98A2F6D344}.AppStore|ARM.Deploy.0 = Release|ARM
		{E84F446E-CC8F-4119-BB54-DF98A2F6D344}.AppStore|iPhone.ActiveCfg = Release|x86
		{E84F446E-CC8F-4119-BB54-DF98A2F6D344}.AppStore|iPhone.Build.0 = Release|x86
		{E84F446E-CC8F-4119-BB54-DF98A2F6D344}.AppStore|iPhone.Deploy.0 = Release|x86
		{E84F446E-CC8F-4119-BB54-DF98A2F6D344}.AppStore|iPhoneSimulator.ActiveCfg = Release|x86
		{E84F446E-CC8F-4119-BB54-DF98A2F6D344}.AppStore|iPhoneSimulator.Build.0 = Release|x86
		{E84F446E-CC8F-4119-BB54-DF98A2F6D344}.AppStore|iPhoneSimulator.Deploy.0 = Release|x86
		{E84F446E-CC8F-4119-BB54-DF98A2F6D344}.AppStore|x64.ActiveCfg = Release|x64
		{E84F446E-CC8F-4119-BB54-DF98A2F6D344}.AppStore|x64.Build.0 = Release|x64
		{E84F446E-CC8F-4119-BB54-DF98A2F6D344}.AppStore|x64.Deploy.0 = Release|x64
		{E84F446E-CC8F-4119-BB54-DF98A2F6D344}.AppStore|x86.ActiveCfg = Release|x86
		{E84F446E-CC8F-4119-BB54-DF98A2F6D344}.AppStore|x86.Build.0 = Release|x86
		{E84F446E-CC8F-4119-BB54-DF98A2F6D344}.AppStore|x86.Deploy.0 = Release|x86
		{E84F446E-CC8F-4119-BB54-DF98A2F6D344}.Debug|Any CPU.ActiveCfg = Debug|x86
		{E84F446E-CC8F-4119-BB54-DF98A2F6D344}.Debug|Any CPU.Build.0 = Debug|x86
		{E84F446E-CC8F-4119-BB54-DF98A2F6D344}.Debug|Any CPU.Deploy.0 = Debug|x86
		{E84F446E-CC8F-4119-BB54-DF98A2F6D344}.Debug|ARM.ActiveCfg = Debug|ARM
		{E84F446E-CC8F-4119-BB54-DF98A2F6D344}.Debug|ARM.Build.0 = Debug|ARM
		{E84F446E-CC8F-4119-BB54-DF98A2F6D344}.Debug|ARM.Deploy.0 = Debug|ARM
		{E84F446E-CC8F-4119-BB54-DF98A2F6D344}.Debug|iPhone.ActiveCfg = Debug|x86
		{E84F446E-CC8F-4119-BB54-DF98A2F6D344}.Debug|iPhone.Build.0 = Debug|x86
		{E84F446E-CC8F-4119-BB54-DF98A2F6D344}.Debug|iPhone.Deploy.0 = Debug|x86
		{E84F446E-CC8F-4119-BB54-DF98A2F6D344}.Debug|iPhoneSimulator.ActiveCfg = Debug|x86
		{E84F446E-CC8F-4119-BB54-DF98A2F6D344}.Debug|iPhoneSimulator.Build.0 = Debug|x86
		{E84F446E-CC8F-4119-BB54-DF98A2F6D344}.Debug|iPhoneSimulator.Deploy.0 = Debug|x86
		{E84F446E-CC8F-4119-BB54-DF98A2F6D344}.Debug|x64.ActiveCfg = Debug|x64
		{E84F446E-CC8F-4119-BB54-DF98A2F6D344}.Debug|x64.Build.0 = Debug|x64
		{E84F446E-CC8F-4119-BB54-DF98A2F6D344}.Debug|x64.Deploy.0 = Debug|x64
		{E84F446E-CC8F-4119-BB54-DF98A2F6D344}.Debug|x86.ActiveCfg = Debug|x86
		{E84F446E-CC8F-4119-BB54-DF98A2F6D344}.Debug|x86.Build.0 = Debug|x86
		{E84F446E-CC8F-4119-BB54-DF98A2F6D344}.Debug|x86.Deploy.0 = Debug|x86
		{E84F446E-CC8F-4119-BB54-DF98A2F6D344}.Release|Any CPU.ActiveCfg = Release|x86
		{E84F446E-CC8F-4119-BB54-DF98A2F6D344}.Release|Any CPU.Build.0 = Release|x86
		{E84F446E-CC8F-4119-BB54-DF98A2F6D344}.Release|Any CPU.Deploy.0 = Release|x86
		{E84F446E-CC8F-4119-BB54-DF98A2F6D344}.Release|ARM.ActiveCfg = Release|ARM
		{E84F446E-CC8F-4119-BB54-DF98A2F6D344}.Release|ARM.Build.0 = Release|ARM
		{E84F446E-CC8F-4119-BB54-DF98A2F6D344}.Release|ARM.Deploy.0 = Release|ARM
		{E84F446E-CC8F-4119-BB54-DF98A2F6D344}.Release|iPhone.ActiveCfg = Release|x86
		{E84F446E-CC8F-4119-BB54-DF98A2F6D344}.Release|iPhone.Build.0 = Release|x86
		{E84F446E-CC8F-4119-BB54-DF98A2F6D344}.Release|iPhone.Deploy.0 = Release|x86
		{E84F446E-CC8F-4119-BB54-DF98A2F6D344}.Release|iPhoneSimulator.ActiveCfg = Release|x86
		{E84F446E-CC8F-4119-BB54-DF98A2F6D344}.Release|iPhoneSimulator.Build.0 = Release|x86
		{E84F446E-CC8F-4119-BB54-DF98A2F6D344}.Release|iPhoneSimulator.Deploy.0 = Release|x86
		{E84F446E-CC8F-4119-BB54-DF98A2F6D344}.Release|x64.ActiveCfg = Release|x64
		{E84F446E-CC8F-4119-BB54-DF98A2F6D344}.Release|x64.Build.0 = Release|x64
		{E84F446E-CC8F-4119-BB54-DF98A2F6D344}.Release|x64.Deploy.0 = Release|x64
		{E84F446E-CC8F-4119-BB54-DF98A2F6D344}.Release|x86.ActiveCfg = Release|x86
		{E84F446E-CC8F-4119-BB54-DF98A2F6D344}.Release|x86.Build.0 = Release|x86
		{E84F446E-CC8F-4119-BB54-DF98A2F6D344}.Release|x86.Deploy.0 = Release|x86
		{16E5BEB6-5554-4C5A-B10D-4FE2A7B66E00}.Ad-Hoc|Any CPU.ActiveCfg = Debug|Any CPU
		{16E5BEB6-5554-4C5A-B10D-4FE2A7B66E00}.Ad-Hoc|Any CPU.Build.0 = Debug|Any CPU
		{16E5BEB6-5554-4C5A-B10D-4FE2A7B66E00}.Ad-Hoc|Any CPU.Deploy.0 = Debug|Any CPU
		{16E5BEB6-5554-4C5A-B10D-4FE2A7B66E00}.Ad-Hoc|ARM.ActiveCfg = Debug|Any CPU
		{16E5BEB6-5554-4C5A-B10D-4FE2A7B66E00}.Ad-Hoc|ARM.Build.0 = Debug|Any CPU
		{16E5BEB6-5554-4C5A-B10D-4FE2A7B66E00}.Ad-Hoc|ARM.Deploy.0 = Debug|Any CPU
		{16E5BEB6-5554-4C5A-B10D-4FE2A7B66E00}.Ad-Hoc|iPhone.ActiveCfg = Debug|Any CPU
		{16E5BEB6-5554-4C5A-B10D-4FE2A7B66E00}.Ad-Hoc|iPhone.Build.0 = Debug|Any CPU
		{16E5BEB6-5554-4C5A-B10D-4FE2A7B66E00}.Ad-Hoc|iPhone.Deploy.0 = Debug|Any CPU
		{16E5BEB6-5554-4C5A-B10D-4FE2A7B66E00}.Ad-Hoc|iPhoneSimulator.ActiveCfg = Debug|Any CPU
		{16E5BEB6-5554-4C5A-B10D-4FE2A7B66E00}.Ad-Hoc|iPhoneSimulator.Build.0 = Debug|Any CPU
		{16E5BEB6-5554-4C5A-B10D-4FE2A7B66E00}.Ad-Hoc|iPhoneSimulator.Deploy.0 = Debug|Any CPU
		{16E5BEB6-5554-4C5A-B10D-4FE2A7B66E00}.Ad-Hoc|x64.ActiveCfg = Debug|Any CPU
		{16E5BEB6-5554-4C5A-B10D-4FE2A7B66E00}.Ad-Hoc|x64.Build.0 = Debug|Any CPU
		{16E5BEB6-5554-4C5A-B10D-4FE2A7B66E00}.Ad-Hoc|x64.Deploy.0 = Debug|Any CPU
		{16E5BEB6-5554-4C5A-B10D-4FE2A7B66E00}.Ad-Hoc|x86.ActiveCfg = Debug|Any CPU
		{16E5BEB6-5554-4C5A-B10D-4FE2A7B66E00}.Ad-Hoc|x86.Build.0 = Debug|Any CPU
		{16E5BEB6-5554-4C5A-B10D-4FE2A7B66E00}.Ad-Hoc|x86.Deploy.0 = Debug|Any CPU
		{16E5BEB6-5554-4C5A-B10D-4FE2A7B66E00}.AppStore|Any CPU.ActiveCfg = Debug|Any CPU
		{16E5BEB6-5554-4C5A-B10D-4FE2A7B66E00}.AppStore|Any CPU.Build.0 = Debug|Any CPU
		{16E5BEB6-5554-4C5A-B10D-4FE2A7B66E00}.AppStore|Any CPU.Deploy.0 = Debug|Any CPU
		{16E5BEB6-5554-4C5A-B10D-4FE2A7B66E00}.AppStore|ARM.ActiveCfg = Debug|Any CPU
		{16E5BEB6-5554-4C5A-B10D-4FE2A7B66E00}.AppStore|ARM.Build.0 = Debug|Any CPU
		{16E5BEB6-5554-4C5A-B10D-4FE2A7B66E00}.AppStore|ARM.Deploy.0 = Debug|Any CPU
		{16E5BEB6-5554-4C5A-B10D-4FE2A7B66E00}.AppStore|iPhone.ActiveCfg = Debug|Any CPU
		{16E5BEB6-5554-4C5A-B10D-4FE2A7B66E00}.AppStore|iPhone.Build.0 = Debug|Any CPU
		{16E5BEB6-5554-4C5A-B10D-4FE2A7B66E00}.AppStore|iPhone.Deploy.0 = Debug|Any CPU
		{16E5BEB6-5554-4C5A-B10D-4FE2A7B66E00}.AppStore|iPhoneSimulator.ActiveCfg = Debug|Any CPU
		{16E5BEB6-5554-4C5A-B10D-4FE2A7B66E00}.AppStore|iPhoneSimulator.Build.0 = Debug|Any CPU
		{16E5BEB6-5554-4C5A-B10D-4FE2A7B66E00}.AppStore|iPhoneSimulator.Deploy.0 = Debug|Any CPU
		{16E5BEB6-5554-4C5A-B10D-4FE2A7B66E00}.AppStore|x64.ActiveCfg = Debug|Any CPU
		{16E5BEB6-5554-4C5A-B10D-4FE2A7B66E00}.AppStore|x64.Build.0 = Debug|Any CPU
		{16E5BEB6-5554-4C5A-B10D-4FE2A7B66E00}.AppStore|x64.Deploy.0 = Debug|Any CPU
		{16E5BEB6-5554-4C5A-B10D-4FE2A7B66E00}.AppStore|x86.ActiveCfg = Debug|Any CPU
		{16E5BEB6-5554-4C5A-B10D-4FE2A7B66E00}.AppStore|x86.Build.0 = Debug|Any CPU
		{16E5BEB6-5554-4C5A-B10D-4FE2A7B66E00}.AppStore|x86.Deploy.0 = Debug|Any CPU
		{16E5BEB6-5554-4C5A-B10D-4FE2A7B66E00}.Debug|Any CPU.ActiveCfg = Debug|Any CPU
		{16E5BEB6-5554-4C5A-B10D-4FE2A7B66E00}.Debug|Any CPU.Build.0 = Debug|Any CPU
		{16E5BEB6-5554-4C5A-B10D-4FE2A7B66E00}.Debug|Any CPU.Deploy.0 = Debug|Any CPU
		{16E5BEB6-5554-4C5A-B10D-4FE2A7B66E00}.Debug|ARM.ActiveCfg = Debug|Any CPU
		{16E5BEB6-5554-4C5A-B10D-4FE2A7B66E00}.Debug|ARM.Build.0 = Debug|Any CPU
		{16E5BEB6-5554-4C5A-B10D-4FE2A7B66E00}.Debug|ARM.Deploy.0 = Debug|Any CPU
		{16E5BEB6-5554-4C5A-B10D-4FE2A7B66E00}.Debug|iPhone.ActiveCfg = Debug|Any CPU
		{16E5BEB6-5554-4C5A-B10D-4FE2A7B66E00}.Debug|iPhone.Build.0 = Debug|Any CPU
		{16E5BEB6-5554-4C5A-B10D-4FE2A7B66E00}.Debug|iPhone.Deploy.0 = Debug|Any CPU
		{16E5BEB6-5554-4C5A-B10D-4FE2A7B66E00}.Debug|iPhoneSimulator.ActiveCfg = Debug|Any CPU
		{16E5BEB6-5554-4C5A-B10D-4FE2A7B66E00}.Debug|iPhoneSimulator.Build.0 = Debug|Any CPU
		{16E5BEB6-5554-4C5A-B10D-4FE2A7B66E00}.Debug|iPhoneSimulator.Deploy.0 = Debug|Any CPU
		{16E5BEB6-5554-4C5A-B10D-4FE2A7B66E00}.Debug|x64.ActiveCfg = Debug|Any CPU
		{16E5BEB6-5554-4C5A-B10D-4FE2A7B66E00}.Debug|x64.Build.0 = Debug|Any CPU
		{16E5BEB6-5554-4C5A-B10D-4FE2A7B66E00}.Debug|x64.Deploy.0 = Debug|Any CPU
		{16E5BEB6-5554-4C5A-B10D-4FE2A7B66E00}.Debug|x86.ActiveCfg = Debug|Any CPU
		{16E5BEB6-5554-4C5A-B10D-4FE2A7B66E00}.Debug|x86.Build.0 = Debug|Any CPU
		{16E5BEB6-5554-4C5A-B10D-4FE2A7B66E00}.Debug|x86.Deploy.0 = Debug|Any CPU
		{16E5BEB6-5554-4C5A-B10D-4FE2A7B66E00}.Release|Any CPU.ActiveCfg = Release|Any CPU
		{16E5BEB6-5554-4C5A-B10D-4FE2A7B66E00}.Release|Any CPU.Build.0 = Release|Any CPU
		{16E5BEB6-5554-4C5A-B10D-4FE2A7B66E00}.Release|Any CPU.Deploy.0 = Release|Any CPU
		{16E5BEB6-5554-4C5A-B10D-4FE2A7B66E00}.Release|ARM.ActiveCfg = Release|Any CPU
		{16E5BEB6-5554-4C5A-B10D-4FE2A7B66E00}.Release|ARM.Build.0 = Release|Any CPU
		{16E5BEB6-5554-4C5A-B10D-4FE2A7B66E00}.Release|ARM.Deploy.0 = Release|Any CPU
		{16E5BEB6-5554-4C5A-B10D-4FE2A7B66E00}.Release|iPhone.ActiveCfg = Release|Any CPU
		{16E5BEB6-5554-4C5A-B10D-4FE2A7B66E00}.Release|iPhone.Build.0 = Release|Any CPU
		{16E5BEB6-5554-4C5A-B10D-4FE2A7B66E00}.Release|iPhone.Deploy.0 = Release|Any CPU
		{16E5BEB6-5554-4C5A-B10D-4FE2A7B66E00}.Release|iPhoneSimulator.ActiveCfg = Release|Any CPU
		{16E5BEB6-5554-4C5A-B10D-4FE2A7B66E00}.Release|iPhoneSimulator.Build.0 = Release|Any CPU
		{16E5BEB6-5554-4C5A-B10D-4FE2A7B66E00}.Release|iPhoneSimulator.Deploy.0 = Release|Any CPU
		{16E5BEB6-5554-4C5A-B10D-4FE2A7B66E00}.Release|x64.ActiveCfg = Release|Any CPU
		{16E5BEB6-5554-4C5A-B10D-4FE2A7B66E00}.Release|x64.Build.0 = Release|Any CPU
		{16E5BEB6-5554-4C5A-B10D-4FE2A7B66E00}.Release|x64.Deploy.0 = Release|Any CPU
		{16E5BEB6-5554-4C5A-B10D-4FE2A7B66E00}.Release|x86.ActiveCfg = Release|Any CPU
		{16E5BEB6-5554-4C5A-B10D-4FE2A7B66E00}.Release|x86.Build.0 = Release|Any CPU
		{16E5BEB6-5554-4C5A-B10D-4FE2A7B66E00}.Release|x86.Deploy.0 = Release|Any CPU
	EndGlobalSection
	GlobalSection(SolutionProperties) = preSolution
		HideSolutionNode = FALSE
	EndGlobalSection
	GlobalSection(ExtensibilityGlobals) = postSolution
		SolutionGuid = {80DBD743-91E1-4C0C-8112-6FD347A03677}
	EndGlobalSection
EndGlobal
